
Microsoft Visual Studio Solution File, Format Version 12.00
# Visual Studio Version 17
VisualStudioVersion = 17.7.34221.43
MinimumVisualStudioVersion = 10.0.40219.1
Project("{FAE04EC0-301F-11D3-BF4B-00C04F79EFBC}") = "AwesomeDevEvents.API", "AwesomeDevEvents.API\AwesomeDevEvents.API.csproj", "{E3A6F142-F182-42D7-AEB3-BAA369EC399E}"
EndProject
Global
	GlobalSection(SolutionConfigurationPlatforms) = preSolution
		Debug|Any CPU = Debug|Any CPU
		Release|Any CPU = Release|Any CPU
	EndGlobalSection
	GlobalSection(ProjectConfigurationPlatforms) = postSolution
		{E3A6F142-F182-42D7-AEB3-BAA369EC399E}.Debug|Any CPU.ActiveCfg = Debug|Any CPU
		{E3A6F142-F182-42D7-AEB3-BAA369EC399E}.Debug|Any CPU.Build.0 = Debug|Any CPU
		{E3A6F142-F182-42D7-AEB3-BAA369EC399E}.Release|Any CPU.ActiveCfg = Release|Any CPU
		{E3A6F142-F182-42D7-AEB3-BAA369EC399E}.Release|Any CPU.Build.0 = Release|Any CPU
	EndGlobalSection
	GlobalSection(SolutionProperties) = preSolution
		HideSolutionNode = FALSE
	EndGlobalSection
	GlobalSection(ExtensibilityGlobals) = postSolution
		SolutionGuid = {E918174B-544F-4685-A546-65FCF702A485}
	EndGlobalSection
EndGlobal
